// !$*UTF8*$!
{
	archiveVersion = 1;
	classes = {
	};
	objectVersion = 46;
	objects = {

/* Begin PBXBuildFile section */
		A47C9C2F1D2BC5B50094D21A /* main.m in Sources */ = {isa = PBXBuildFile; fileRef = A47C9C2E1D2BC5B50094D21A /* main.m */; };
		A47C9C321D2BC5B50094D21A /* AppDelegate.m in Sources */ = {isa = PBXBuildFile; fileRef = A47C9C311D2BC5B50094D21A /* AppDelegate.m */; };
		A47C9C351D2BC5B50094D21A /* ViewController.m in Sources */ = {isa = PBXBuildFile; fileRef = A47C9C341D2BC5B50094D21A /* ViewController.m */; };
		A47C9C381D2BC5B50094D21A /* Main.storyboard in Resources */ = {isa = PBXBuildFile; fileRef = A47C9C361D2BC5B50094D21A /* Main.storyboard */; };
		A47C9C3A1D2BC5B50094D21A /* Assets.xcassets in Resources */ = {isa = PBXBuildFile; fileRef = A47C9C391D2BC5B50094D21A /* Assets.xcassets */; };
		A47C9C3D1D2BC5B50094D21A /* LaunchScreen.storyboard in Resources */ = {isa = PBXBuildFile; fileRef = A47C9C3B1D2BC5B50094D21A /* LaunchScreen.storyboard */; };
		A47C9C481D2BC5B60094D21A /* shearPictureTests.m in Sources */ = {isa = PBXBuildFile; fileRef = A47C9C471D2BC5B60094D21A /* shearPictureTests.m */; };
		A47C9C531D2BC5B60094D21A /* shearPictureUITests.m in Sources */ = {isa = PBXBuildFile; fileRef = A47C9C521D2BC5B60094D21A /* shearPictureUITests.m */; };
		A48CDF9B20AC233B00B57512 /* Person.m in Sources */ = {isa = PBXBuildFile; fileRef = A48CDF9A20AC233B00B57512 /* Person.m */; };
		A48CDF9E20AC290D00B57512 /* Student.m in Sources */ = {isa = PBXBuildFile; fileRef = A48CDF9D20AC290D00B57512 /* Student.m */; };
/* End PBXBuildFile section */

/* Begin PBXContainerItemProxy section */
		A47C9C441D2BC5B60094D21A /* PBXContainerItemProxy */ = {
			isa = PBXContainerItemProxy;
			containerPortal = A47C9C221D2BC5B50094D21A /* Project object */;
			proxyType = 1;
			remoteGlobalIDString = A47C9C291D2BC5B50094D21A;
			remoteInfo = group;
		};
		A47C9C4F1D2BC5B60094D21A /* PBXContainerItemProxy */ = {
			isa = PBXContainerItemProxy;
			containerPortal = A47C9C221D2BC5B50094D21A /* Project object */;
			proxyType = 1;
			remoteGlobalIDString = A47C9C291D2BC5B50094D21A;
			remoteInfo = group;
		};
/* End PBXContainerItemProxy section */

/* Begin PBXFileReference section */
		A47C9C2A1D2BC5B50094D21A /* shearPicture.app */ = {isa = PBXFileReference; explicitFileType = wrapper.application; includeInIndex = 0; path = shearPicture.app; sourceTree = BUILT_PRODUCTS_DIR; };
		A47C9C2E1D2BC5B50094D21A /* main.m */ = {isa = PBXFileReference; lastKnownFileType = sourcecode.c.objc; path = main.m; sourceTree = "<group>"; };
		A47C9C301D2BC5B50094D21A /* AppDelegate.h */ = {isa = PBXFileReference; lastKnownFileType = sourcecode.c.h; path = AppDelegate.h; sourceTree = "<group>"; };
		A47C9C311D2BC5B50094D21A /* AppDelegate.m */ = {isa = PBXFileReference; lastKnownFileType = sourcecode.c.objc; path = AppDelegate.m; sourceTree = "<group>"; };
		A47C9C331D2BC5B50094D21A /* ViewController.h */ = {isa = PBXFileReference; lastKnownFileType = sourcecode.c.h; path = ViewController.h; sourceTree = "<group>"; };
		A47C9C341D2BC5B50094D21A /* ViewController.m */ = {isa = PBXFileReference; lastKnownFileType = sourcecode.c.objc; path = ViewController.m; sourceTree = "<group>"; };
		A47C9C371D2BC5B50094D21A /* Base */ = {isa = PBXFileReference; lastKnownFileType = file.storyboard; name = Base; path = Base.lproj/Main.storyboard; sourceTree = "<group>"; };
		A47C9C391D2BC5B50094D21A /* Assets.xcassets */ = {isa = PBXFileReference; lastKnownFileType = folder.assetcatalog; path = Assets.xcassets; sourceTree = "<group>"; };
		A47C9C3C1D2BC5B50094D21A /* Base */ = {isa = PBXFileReference; lastKnownFileType = file.storyboard; name = Base; path = Base.lproj/LaunchScreen.storyboard; sourceTree = "<group>"; };
		A47C9C3E1D2BC5B50094D21A /* Info.plist */ = {isa = PBXFileReference; lastKnownFileType = text.plist.xml; path = Info.plist; sourceTree = "<group>"; };
		A47C9C431D2BC5B60094D21A /* shearPictureTests.xctest */ = {isa = PBXFileReference; explicitFileType = wrapper.cfbundle; includeInIndex = 0; path = shearPictureTests.xctest; sourceTree = BUILT_PRODUCTS_DIR; };
		A47C9C471D2BC5B60094D21A /* shearPictureTests.m */ = {isa = PBXFileReference; lastKnownFileType = sourcecode.c.objc; path = shearPictureTests.m; sourceTree = "<group>"; };
		A47C9C491D2BC5B60094D21A /* Info.plist */ = {isa = PBXFileReference; lastKnownFileType = text.plist.xml; path = Info.plist; sourceTree = "<group>"; };
		A47C9C4E1D2BC5B60094D21A /* shearPictureUITests.xctest */ = {isa = PBXFileReference; explicitFileType = wrapper.cfbundle; includeInIndex = 0; path = shearPictureUITests.xctest; sourceTree = BUILT_PRODUCTS_DIR; };
		A47C9C521D2BC5B60094D21A /* shearPictureUITests.m */ = {isa = PBXFileReference; lastKnownFileType = sourcecode.c.objc; path = shearPictureUITests.m; sourceTree = "<group>"; };
		A47C9C541D2BC5B60094D21A /* Info.plist */ = {isa = PBXFileReference; lastKnownFileType = text.plist.xml; path = Info.plist; sourceTree = "<group>"; };
		A48CDF9920AC233B00B57512 /* Person.h */ = {isa = PBXFileReference; lastKnownFileType = sourcecode.c.h; path = Person.h; sourceTree = "<group>"; };
		A48CDF9A20AC233B00B57512 /* Person.m */ = {isa = PBXFileReference; lastKnownFileType = sourcecode.c.objc; path = Person.m; sourceTree = "<group>"; };
		A48CDF9C20AC290D00B57512 /* Student.h */ = {isa = PBXFileReference; lastKnownFileType = sourcecode.c.h; path = Student.h; sourceTree = "<group>"; };
		A48CDF9D20AC290D00B57512 /* Student.m */ = {isa = PBXFileReference; lastKnownFileType = sourcecode.c.objc; path = Student.m; sourceTree = "<group>"; };
/* End PBXFileReference section */

/* Begin PBXFrameworksBuildPhase section */
		A47C9C271D2BC5B50094D21A /* Frameworks */ = {
			isa = PBXFrameworksBuildPhase;
			buildActionMask = 2147483647;
			files = (
			);
			runOnlyForDeploymentPostprocessing = 0;
		};
		A47C9C401D2BC5B60094D21A /* Frameworks */ = {
			isa = PBXFrameworksBuildPhase;
			buildActionMask = 2147483647;
			files = (
			);
			runOnlyForDeploymentPostprocessing = 0;
		};
		A47C9C4B1D2BC5B60094D21A /* Frameworks */ = {
			isa = PBXFrameworksBuildPhase;
			buildActionMask = 2147483647;
			files = (
			);
			runOnlyForDeploymentPostprocessing = 0;
		};
/* End PBXFrameworksBuildPhase section */

/* Begin PBXGroup section */
		A47C9C211D2BC5B50094D21A = {
			isa = PBXGroup;
			children = (
				A47C9C2C1D2BC5B50094D21A /* shearPicture */,
				A47C9C461D2BC5B60094D21A /* shearPictureTests */,
				A47C9C511D2BC5B60094D21A /* shearPictureUITests */,
				A47C9C2B1D2BC5B50094D21A /* Products */,
			);
			sourceTree = "<group>";
		};
		A47C9C2B1D2BC5B50094D21A /* Products */ = {
			isa = PBXGroup;
			children = (
				A47C9C2A1D2BC5B50094D21A /* shearPicture.app */,
				A47C9C431D2BC5B60094D21A /* shearPictureTests.xctest */,
				A47C9C4E1D2BC5B60094D21A /* shearPictureUITests.xctest */,
			);
			name = Products;
			sourceTree = "<group>";
		};
		A47C9C2C1D2BC5B50094D21A /* shearPicture */ = {
			isa = PBXGroup;
			children = (
				A47C9C301D2BC5B50094D21A /* AppDelegate.h */,
				A47C9C311D2BC5B50094D21A /* AppDelegate.m */,
				A47C9C331D2BC5B50094D21A /* ViewController.h */,
				A47C9C341D2BC5B50094D21A /* ViewController.m */,
				A47C9C361D2BC5B50094D21A /* Main.storyboard */,
				A47C9C391D2BC5B50094D21A /* Assets.xcassets */,
				A47C9C3B1D2BC5B50094D21A /* LaunchScreen.storyboard */,
				A47C9C3E1D2BC5B50094D21A /* Info.plist */,
				A47C9C2D1D2BC5B50094D21A /* Supporting Files */,
				A48CDF9920AC233B00B57512 /* Person.h */,
				A48CDF9A20AC233B00B57512 /* Person.m */,
				A48CDF9C20AC290D00B57512 /* Student.h */,
				A48CDF9D20AC290D00B57512 /* Student.m */,
			);
			name = shearPicture;
			path = group;
			sourceTree = "<group>";
		};
		A47C9C2D1D2BC5B50094D21A /* Supporting Files */ = {
			isa = PBXGroup;
			children = (
				A47C9C2E1D2BC5B50094D21A /* main.m */,
			);
			name = "Supporting Files";
			sourceTree = "<group>";
		};
		A47C9C461D2BC5B60094D21A /* shearPictureTests */ = {
			isa = PBXGroup;
			children = (
				A47C9C471D2BC5B60094D21A /* shearPictureTests.m */,
				A47C9C491D2BC5B60094D21A /* Info.plist */,
			);
			name = shearPictureTests;
			path = groupTests;
			sourceTree = "<group>";
		};
		A47C9C511D2BC5B60094D21A /* shearPictureUITests */ = {
			isa = PBXGroup;
			children = (
				A47C9C521D2BC5B60094D21A /* shearPictureUITests.m */,
				A47C9C541D2BC5B60094D21A /* Info.plist */,
			);
			name = shearPictureUITests;
			path = groupUITests;
			sourceTree = "<group>";
		};
/* End PBXGroup section */

/* Begin PBXNativeTarget section */
		A47C9C291D2BC5B50094D21A /* shearPicture */ = {
			isa = PBXNativeTarget;
			buildConfigurationList = A47C9C571D2BC5B60094D21A /* Build configuration list for PBXNativeTarget "shearPicture" */;
			buildPhases = (
				A47C9C261D2BC5B50094D21A /* Sources */,
				A47C9C271D2BC5B50094D21A /* Frameworks */,
				A47C9C281D2BC5B50094D21A /* Resources */,
			);
			buildRules = (
			);
			dependencies = (
			);
			name = shearPicture;
			productName = group;
			productReference = A47C9C2A1D2BC5B50094D21A /* shearPicture.app */;
			productType = "com.apple.product-type.application";
		};
		A47C9C421D2BC5B60094D21A /* shearPictureTests */ = {
			isa = PBXNativeTarget;
			buildConfigurationList = A47C9C5A1D2BC5B60094D21A /* Build configuration list for PBXNativeTarget "shearPictureTests" */;
			buildPhases = (
				A47C9C3F1D2BC5B60094D21A /* Sources */,
				A47C9C401D2BC5B60094D21A /* Frameworks */,
				A47C9C411D2BC5B60094D21A /* Resources */,
			);
			buildRules = (
			);
			dependencies = (
				A47C9C451D2BC5B60094D21A /* PBXTargetDependency */,
			);
			name = shearPictureTests;
			productName = groupTests;
			productReference = A47C9C431D2BC5B60094D21A /* shearPictureTests.xctest */;
			productType = "com.apple.product-type.bundle.unit-test";
		};
		A47C9C4D1D2BC5B60094D21A /* shearPictureUITests */ = {
			isa = PBXNativeTarget;
			buildConfigurationList = A47C9C5D1D2BC5B60094D21A /* Build configuration list for PBXNativeTarget "shearPictureUITests" */;
			buildPhases = (
				A47C9C4A1D2BC5B60094D21A /* Sources */,
				A47C9C4B1D2BC5B60094D21A /* Frameworks */,
				A47C9C4C1D2BC5B60094D21A /* Resources */,
			);
			buildRules = (
			);
			dependencies = (
				A47C9C501D2BC5B60094D21A /* PBXTargetDependency */,
			);
			name = shearPictureUITests;
			productName = groupUITests;
			productReference = A47C9C4E1D2BC5B60094D21A /* shearPictureUITests.xctest */;
			productType = "com.apple.product-type.bundle.ui-testing";
		};
/* End PBXNativeTarget section */

/* Begin PBXProject section */
		A47C9C221D2BC5B50094D21A /* Project object */ = {
			isa = PBXProject;
			attributes = {
				LastUpgradeCheck = 0730;
				ORGANIZATIONNAME = lilei;
				TargetAttributes = {
					A47C9C291D2BC5B50094D21A = {
						CreatedOnToolsVersion = 7.3;
					};
					A47C9C421D2BC5B60094D21A = {
						CreatedOnToolsVersion = 7.3;
						TestTargetID = A47C9C291D2BC5B50094D21A;
					};
					A47C9C4D1D2BC5B60094D21A = {
						CreatedOnToolsVersion = 7.3;
						TestTargetID = A47C9C291D2BC5B50094D21A;
					};
				};
			};
			buildConfigurationList = A47C9C251D2BC5B50094D21A /* Build configuration list for PBXProject "shearPicture" */;
			compatibilityVersion = "Xcode 3.2";
			developmentRegion = English;
			hasScannedForEncodings = 0;
			knownRegions = (
				en,
				Base,
			);
			mainGroup = A47C9C211D2BC5B50094D21A;
			productRefGroup = A47C9C2B1D2BC5B50094D21A /* Products */;
			projectDirPath = "";
			projectRoot = "";
			targets = (
				A47C9C291D2BC5B50094D21A /* shearPicture */,
				A47C9C421D2BC5B60094D21A /* shearPictureTests */,
				A47C9C4D1D2BC5B60094D21A /* shearPictureUITests */,
			);
		};
/* End PBXProject section */

/* Begin PBXResourcesBuildPhase section */
		A47C9C281D2BC5B50094D21A /* Resources */ = {
			isa = PBXResourcesBuildPhase;
			buildActionMask = 2147483647;
			files = (
				A47C9C3D1D2BC5B50094D21A /* LaunchScreen.storyboard in Resources */,
				A47C9C3A1D2BC5B50094D21A /* Assets.xcassets in Resources */,
				A47C9C381D2BC5B50094D21A /* Main.storyboard in Resources */,
			);
			runOnlyForDeploymentPostprocessing = 0;
		};
		A47C9C411D2BC5B60094D21A /* Resources */ = {
			isa = PBXResourcesBuildPhase;
			buildActionMask = 2147483647;
			files = (
			);
			runOnlyForDeploymentPostprocessing = 0;
		};
		A47C9C4C1D2BC5B60094D21A /* Resources */ = {
			isa = PBXResourcesBuildPhase;
			buildActionMask = 2147483647;
			files = (
			);
			runOnlyForDeploymentPostprocessing = 0;
		};
/* End PBXResourcesBuildPhase section */

/* Begin PBXSourcesBuildPhase section */
		A47C9C261D2BC5B50094D21A /* Sources */ = {
			isa = PBXSourcesBuildPhase;
			buildActionMask = 2147483647;
			files = (
				A47C9C351D2BC5B50094D21A /* ViewController.m in Sources */,
				A47C9C321D2BC5B50094D21A /* AppDelegate.m in Sources */,
				A48CDF9E20AC290D00B57512 /* Student.m in Sources */,
				A48CDF9B20AC233B00B57512 /* Person.m in Sources */,
				A47C9C2F1D2BC5B50094D21A /* main.m in Sources */,
			);
			runOnlyForDeploymentPostprocessing = 0;
		};
		A47C9C3F1D2BC5B60094D21A /* Sources */ = {
			isa = PBXSourcesBuildPhase;
			buildActionMask = 2147483647;
			files = (
				A47C9C481D2BC5B60094D21A /* shearPictureTests.m in Sources */,
			);
			runOnlyForDeploymentPostprocessing = 0;
		};
		A47C9C4A1D2BC5B60094D21A /* Sources */ = {
			isa = PBXSourcesBuildPhase;
			buildActionMask = 2147483647;
			files = (
				A47C9C531D2BC5B60094D21A /* shearPictureUITests.m in Sources */,
			);
			runOnlyForDeploymentPostprocessing = 0;
		};
/* End PBXSourcesBuildPhase section */

/* Begin PBXTargetDependency section */
		A47C9C451D2BC5B60094D21A /* PBXTargetDependency */ = {
			isa = PBXTargetDependency;
			target = A47C9C291D2BC5B50094D21A /* shearPicture */;
			targetProxy = A47C9C441D2BC5B60094D21A /* PBXContainerItemProxy */;
		};
		A47C9C501D2BC5B60094D21A /* PBXTargetDependency */ = {
			isa = PBXTargetDependency;
			target = A47C9C291D2BC5B50094D21A /* shearPicture */;
			targetProxy = A47C9C4F1D2BC5B60094D21A /* PBXContainerItemProxy */;
		};
/* End PBXTargetDependency section */

/* Begin PBXVariantGroup section */
		A47C9C361D2BC5B50094D21A /* Main.storyboard */ = {
			isa = PBXVariantGroup;
			children = (
				A47C9C371D2BC5B50094D21A /* Base */,
			);
			name = Main.storyboard;
			sourceTree = "<group>";
		};
		A47C9C3B1D2BC5B50094D21A /* LaunchScreen.storyboard */ = {
			isa = PBXVariantGroup;
			children = (
				A47C9C3C1D2BC5B50094D21A /* Base */,
			);
			name = LaunchScreen.storyboard;
			sourceTree = "<group>";
		};
/* End PBXVariantGroup section */

/* Begin XCBuildConfiguration section */
		A47C9C551D2BC5B60094D21A /* Debug */ = {
			isa = XCBuildConfiguration;
			buildSettings = {
				ALWAYS_SEARCH_USER_PATHS = NO;
				CLANG_ANALYZER_NONNULL = YES;
				CLANG_CXX_LANGUAGE_STANDARD = "gnu++0x";
				CLANG_CXX_LIBRARY = "libc++";
				CLANG_ENABLE_MODULES = YES;
				CLANG_ENABLE_OBJC_ARC = YES;
				CLANG_WARN_BOOL_CONVERSION = YES;
				CLANG_WARN_CONSTANT_CONVERSION = YES;
				CLANG_WARN_DIRECT_OBJC_ISA_USAGE = YES_ERROR;
				CLANG_WARN_EMPTY_BODY = YES;
				CLANG_WARN_ENUM_CONVERSION = YES;
				CLANG_WARN_INT_CONVERSION = YES;
				CLANG_WARN_OBJC_ROOT_CLASS = YES_ERROR;
				CLANG_WARN_UNREACHABLE_CODE = YES;
				CLANG_WARN__DUPLICATE_METHOD_MATCH = YES;
				"CODE_SIGN_IDENTITY[sdk=iphoneos*]" = "iPhone Developer";
				COPY_PHASE_STRIP = NO;
				DEBUG_INFORMATION_FORMAT = dwarf;
				ENABLE_STRICT_OBJC_MSGSEND = YES;
				ENABLE_TESTABILITY = YES;
				GCC_C_LANGUAGE_STANDARD = gnu99;
				GCC_DYNAMIC_NO_PIC = NO;
				GCC_NO_COMMON_BLOCKS = YES;
				GCC_OPTIMIZATION_LEVEL = 0;
				GCC_PREPROCESSOR_DEFINITIONS = (
					"DEBUG=1",
					"$(inherited)",
				);
				GCC_WARN_64_TO_32_BIT_CONVERSION = YES;
				GCC_WARN_ABOUT_RETURN_TYPE = YES_ERROR;
				GCC_WARN_UNDECLARED_SELECTOR = YES;
				GCC_WARN_UNINITIALIZED_AUTOS = YES_AGGRESSIVE;
				GCC_WARN_UNUSED_FUNCTION = YES;
				GCC_WARN_UNUSED_VARIABLE = YES;
				IPHONEOS_DEPLOYMENT_TARGET = 9.3;
				MTL_ENABLE_DEBUG_INFO = YES;
				ONLY_ACTIVE_ARCH = YES;
				SDKROOT = iphoneos;
				TARGETED_DEVICE_FAMILY = "1,2";
			};
			name = Debug;
		};
		A47C9C561D2BC5B60094D21A /* Release */ = {
			isa = XCBuildConfiguration;
			buildSettings = {
				ALWAYS_SEARCH_USER_PATHS = NO;
				CLANG_ANALYZER_NONNULL = YES;
				CLANG_CXX_LANGUAGE_STANDARD = "gnu++0x";
				CLANG_CXX_LIBRARY = "libc++";
				CLANG_ENABLE_MODULES = YES;
				CLANG_ENABLE_OBJC_ARC = YES;
				CLANG_WARN_BOOL_CONVERSION = YES;
				CLANG_WARN_CONSTANT_CONVERSION = YES;
				CLANG_WARN_DIRECT_OBJC_ISA_USAGE = YES_ERROR;
				CLANG_WARN_EMPTY_BODY = YES;
				CLANG_WARN_ENUM_CONVERSION = YES;
				CLANG_WARN_INT_CONVERSION = YES;
				CLANG_WARN_OBJC_ROOT_CLASS = YES_ERROR;
				CLANG_WARN_UNREACHABLE_CODE = YES;
				CLANG_WARN__DUPLICATE_METHOD_MATCH = YES;
				"CODE_SIGN_IDENTITY[sdk=iphoneos*]" = "iPhone Developer";
				COPY_PHASE_STRIP = NO;
				DEBUG_INFORMATION_FORMAT = "dwarf-with-dsym";
				ENABLE_NS_ASSERTIONS = NO;
				ENABLE_STRICT_OBJC_MSGSEND = YES;
				GCC_C_LANGUAGE_STANDARD = gnu99;
				GCC_NO_COMMON_BLOCKS = YES;
				GCC_WARN_64_TO_32_BIT_CONVERSION = YES;
				GCC_WARN_ABOUT_RETURN_TYPE = YES_ERROR;
				GCC_WARN_UNDECLARED_SELECTOR = YES;
				GCC_WARN_UNINITIALIZED_AUTOS = YES_AGGRESSIVE;
				GCC_WARN_UNUSED_FUNCTION = YES;
				GCC_WARN_UNUSED_VARIABLE = YES;
				IPHONEOS_DEPLOYMENT_TARGET = 9.3;
				MTL_ENABLE_DEBUG_INFO = NO;
				SDKROOT = iphoneos;
				TARGETED_DEVICE_FAMILY = "1,2";
				VALIDATE_PRODUCT = YES;
			};
			name = Release;
		};
		A47C9C581D2BC5B60094D21A /* Debug */ = {
			isa = XCBuildConfiguration;
			buildSettings = {
				ASSETCATALOG_COMPILER_APPICON_NAME = AppIcon;
				INFOPLIST_FILE = group/Info.plist;
				LD_RUNPATH_SEARCH_PATHS = "$(inherited) @executable_path/Frameworks";
				PRODUCT_BUNDLE_IDENTIFIER = com.compenty.group;
				PRODUCT_NAME = "$(TARGET_NAME)";
			};
			name = Debug;
		};
		A47C9C591D2BC5B60094D21A /* Release */ = {
			isa = XCBuildConfiguration;
			buildSettings = {
				ASSETCATALOG_COMPILER_APPICON_NAME = AppIcon;
				INFOPLIST_FILE = group/Info.plist;
				LD_RUNPATH_SEARCH_PATHS = "$(inherited) @executable_path/Frameworks";
				PRODUCT_BUNDLE_IDENTIFIER = com.compenty.group;
				PRODUCT_NAME = "$(TARGET_NAME)";
			};
			name = Release;
		};
		A47C9C5B1D2BC5B60094D21A /* Debug */ = {
			isa = XCBuildConfiguration;
			buildSettings = {
				BUNDLE_LOADER = "$(TEST_HOST)";
				INFOPLIST_FILE = groupTests/Info.plist;
				LD_RUNPATH_SEARCH_PATHS = "$(inherited) @executable_path/Frameworks @loader_path/Frameworks";
				PRODUCT_BUNDLE_IDENTIFIER = com.compenty.groupTests;
				PRODUCT_NAME = "$(TARGET_NAME)";
				TEST_HOST = "$(BUILT_PRODUCTS_DIR)/group.app/group";
			};
			name = Debug;
		};
		A47C9C5C1D2BC5B60094D21A /* Release */ = {
			isa = XCBuildConfiguration;
			buildSettings = {
				BUNDLE_LOADER = "$(TEST_HOST)";
				INFOPLIST_FILE = groupTests/Info.plist;
				LD_RUNPATH_SEARCH_PATHS = "$(inherited) @executable_path/Frameworks @loader_path/Frameworks";
				PRODUCT_BUNDLE_IDENTIFIER = com.compenty.groupTests;
				PRODUCT_NAME = "$(TARGET_NAME)";
				TEST_HOST = "$(BUILT_PRODUCTS_DIR)/group.app/group";
			};
			name = Release;
		};
		A47C9C5E1D2BC5B60094D21A /* Debug */ = {
			isa = XCBuildConfiguration;
			buildSettings = {
				INFOPLIST_FILE = groupUITests/Info.plist;
				LD_RUNPATH_SEARCH_PATHS = "$(inherited) @executable_path/Frameworks @loader_path/Frameworks";
				PRODUCT_BUNDLE_IDENTIFIER = com.compenty.groupUITests;
				PRODUCT_NAME = "$(TARGET_NAME)";
				TEST_TARGET_NAME = group;
			};
			name = Debug;
		};
		A47C9C5F1D2BC5B60094D21A /* Release */ = {
			isa = XCBuildConfiguration;
			buildSettings = {
				INFOPLIST_FILE = groupUITests/Info.plist;
				LD_RUNPATH_SEARCH_PATHS = "$(inherited) @executable_path/Frameworks @loader_path/Frameworks";
				PRODUCT_BUNDLE_IDENTIFIER = com.compenty.groupUITests;
				PRODUCT_NAME = "$(TARGET_NAME)";
				TEST_TARGET_NAME = group;
			};
			name = Release;
		};
/* End XCBuildConfiguration section */

/* Begin XCConfigurationList section */
		A47C9C251D2BC5B50094D21A /* Build configuration list for PBXProject "shearPicture" */ = {
			isa = XCConfigurationList;
			buildConfigurations = (
				A47C9C551D2BC5B60094D21A /* Debug */,
				A47C9C561D2BC5B60094D21A /* Release */,
			);
			defaultConfigurationIsVisible = 0;
			defaultConfigurationName = Release;
		};
		A47C9C571D2BC5B60094D21A /* Build configuration list for PBXNativeTarget "shearPicture" */ = {
			isa = XCConfigurationList;
			buildConfigurations = (
				A47C9C581D2BC5B60094D21A /* Debug */,
				A47C9C591D2BC5B60094D21A /* Release */,
			);
			defaultConfigurationIsVisible = 0;
			defaultConfigurationName = Release;
		};
		A47C9C5A1D2BC5B60094D21A /* Build configuration list for PBXNativeTarget "shearPictureTests" */ = {
			isa = XCConfigurationList;
			buildConfigurations = (
				A47C9C5B1D2BC5B60094D21A /* Debug */,
				A47C9C5C1D2BC5B60094D21A /* Release */,
			);
			defaultConfigurationIsVisible = 0;
			defaultConfigurationName = Release;
		};
		A47C9C5D1D2BC5B60094D21A /* Build configuration list for PBXNativeTarget "shearPictureUITests" */ = {
			isa = XCConfigurationList;
			buildConfigurations = (
				A47C9C5E1D2BC5B60094D21A /* Debug */,
				A47C9C5F1D2BC5B60094D21A /* Release */,
			);
			defaultConfigurationIsVisible = 0;
			defaultConfigurationName = Release;
		};
/* End XCConfigurationList section */
	};
	rootObject = A47C9C221D2BC5B50094D21A /* Project object */;
}
